
Microsoft Visual Studio Solution File, Format Version 12.00
# Visual Studio 15
VisualStudioVersion = 15.0.28307.168
MinimumVisualStudioVersion = 10.0.40219.1
Project("{FAE04EC0-301F-11D3-BF4B-00C04F79EFBC}") = "VolumeTweaks", "VolumeTweaks\VolumeTweaks.csproj", "{76072947-D079-4ECC-8C74-6707F3962E51}"
EndProject
Global
	GlobalSection(SolutionConfigurationPlatforms) = preSolution
		Debug|Any CPU = Debug|Any CPU
		Release|Any CPU = Release|Any CPU
	EndGlobalSection
	GlobalSection(ProjectConfigurationPlatforms) = postSolution
		{76072947-D079-4ECC-8C74-6707F3962E51}.Debug|Any CPU.ActiveCfg = Debug|Any CPU
		{76072947-D079-4ECC-8C74-6707F3962E51}.Debug|Any CPU.Build.0 = Debug|Any CPU
		{76072947-D079-4ECC-8C74-6707F3962E51}.Release|Any CPU.ActiveCfg = Release|Any CPU
		{76072947-D079-4ECC-8C74-6707F3962E51}.Release|Any CPU.Build.0 = Release|Any CPU
	EndGlobalSection
	GlobalSection(SolutionProperties) = preSolution
		HideSolutionNode = FALSE
	EndGlobalSection
	GlobalSection(ExtensibilityGlobals) = postSolution
		SolutionGuid = {BF5B44D0-CD3D-4ADD-BD28-2BB482FEFD4F}
	EndGlobalSection
EndGlobal
